Microsoft Visual Studio Solution File, Format Version 12.00
# Visual Studio Version 17
VisualStudioVersion = 17.5.2.0
MinimumVisualStudioVersion = 10.0.40219.1
Project("{FAE04EC0-301F-11D3-BF4B-00C04F79EFBC}") = "wayland-test", "wayland-test.csproj", "{639C93BB-1E88-5481-286F-0C8C9254B3E3}"
EndProject
Global
	GlobalSection(SolutionConfigurationPlatforms) = preSolution
		Debug|Any CPU = Debug|Any CPU
		Release|Any CPU = Release|Any CPU
	EndGlobalSection
	GlobalSection(ProjectConfigurationPlatforms) = postSolution
		{639C93BB-1E88-5481-286F-0C8C9254B3E3}.Debug|Any CPU.ActiveCfg = Debug|Any CPU
		{639C93BB-1E88-5481-286F-0C8C9254B3E3}.Debug|Any CPU.Build.0 = Debug|Any CPU
		{639C93BB-1E88-5481-286F-0C8C9254B3E3}.Release|Any CPU.ActiveCfg = Release|Any CPU
		{639C93BB-1E88-5481-286F-0C8C9254B3E3}.Release|Any CPU.Build.0 = Release|Any CPU
	EndGlobalSection
	GlobalSection(SolutionProperties) = preSolution
		HideSolutionNode = FALSE
	EndGlobalSection
	GlobalSection(ExtensibilityGlobals) = postSolution
		SolutionGuid = {91FCEB58-D8F6-45EB-A43B-EA82F38DF801}
	EndGlobalSection
EndGlobal
